
Microsoft Visual Studio Solution File, Format Version 12.00
# Visual Studio Version 17
VisualStudioVersion = 17.3.32929.385
MinimumVisualStudioVersion = 10.0.40219.1
Project("{9A19103F-16F7-4668-BE54-9A1E7A4F7556}") = "POC.Dapper.ToDoApi", "POC.Dapper.ToDoApi.csproj", "{EDA4697D-A3C0-412B-B5EC-9FCBEC35B75E}"
EndProject
Global
	GlobalSection(SolutionConfigurationPlatforms) = preSolution
		Debug|Any CPU = Debug|Any CPU
		Release|Any CPU = Release|Any CPU
	EndGlobalSection
	GlobalSection(ProjectConfigurationPlatforms) = postSolution
		{EDA4697D-A3C0-412B-B5EC-9FCBEC35B75E}.Debug|Any CPU.ActiveCfg = Debug|Any CPU
		{EDA4697D-A3C0-412B-B5EC-9FCBEC35B75E}.Debug|Any CPU.Build.0 = Debug|Any CPU
		{EDA4697D-A3C0-412B-B5EC-9FCBEC35B75E}.Release|Any CPU.ActiveCfg = Release|Any CPU
		{EDA4697D-A3C0-412B-B5EC-9FCBEC35B75E}.Release|Any CPU.Build.0 = Release|Any CPU
	EndGlobalSection
	GlobalSection(SolutionProperties) = preSolution
		HideSolutionNode = FALSE
	EndGlobalSection
	GlobalSection(ExtensibilityGlobals) = postSolution
		SolutionGuid = {F7B4A7D9-29EE-4E79-A929-EFDB94EE42D6}
	EndGlobalSection
EndGlobal
